Microsoft Visual Studio Solution File, Format Version 11.00
# Visual Studio 2008

Project("{6745A98F-65EF-3580-D8A4-5687AF659B22}") = "ShipAssaults", "Assembly-CSharp-firstpass.csproj", "{0C7C64E6-E75E-16D0-AA37-74AC2F2A5DA3}"
EndProject
Project("{6745A98F-65EF-3580-D8A4-5687AF659B22}") = "ShipAssaults", "Assembly-CSharp.csproj", "{107C937E-180D-1078-033A-DFF2CE28EE8C}"
EndProject
Project("{6745A98F-65EF-3580-D8A4-5687AF659B22}") = "ShipAssaults", "Assembly-UnityScript-firstpass.unityproj", "{561F3713-E89B-9CA5-599B-192ED3E2B2DA}"
EndProject
Project("{6745A98F-65EF-3580-D8A4-5687AF659B22}") = "ShipAssaults", "Assembly-UnityScript.unityproj", "{806FF3AE-8C15-9749-E169-9910C31E3130}"
EndProject
Global
	GlobalSection(SolutionConfigurationPlatforms) = preSolution
		Debug|Any CPU = Debug|Any CPU
		Release|Any CPU = Release|Any CPU
	EndGlobalSection
	GlobalSection(ProjectConfigurationPlatforms) = postSolution
		{0C7C64E6-E75E-16D0-AA37-74AC2F2A5DA3}.Debug|Any CPU.ActiveCfg = Debug|Any CPU
		{0C7C64E6-E75E-16D0-AA37-74AC2F2A5DA3}.Debug|Any CPU.Build.0 = Debug|Any CPU
		{0C7C64E6-E75E-16D0-AA37-74AC2F2A5DA3}.Release|Any CPU.ActiveCfg = Release|Any CPU
		{0C7C64E6-E75E-16D0-AA37-74AC2F2A5DA3}.Release|Any CPU.Build.0 = Release|Any CPU
		{107C937E-180D-1078-033A-DFF2CE28EE8C}.Debug|Any CPU.ActiveCfg = Debug|Any CPU
		{107C937E-180D-1078-033A-DFF2CE28EE8C}.Debug|Any CPU.Build.0 = Debug|Any CPU
		{107C937E-180D-1078-033A-DFF2CE28EE8C}.Release|Any CPU.ActiveCfg = Release|Any CPU
		{107C937E-180D-1078-033A-DFF2CE28EE8C}.Release|Any CPU.Build.0 = Release|Any CPU
		{561F3713-E89B-9CA5-599B-192ED3E2B2DA}.Debug|Any CPU.ActiveCfg = Debug|Any CPU
		{561F3713-E89B-9CA5-599B-192ED3E2B2DA}.Debug|Any CPU.Build.0 = Debug|Any CPU
		{561F3713-E89B-9CA5-599B-192ED3E2B2DA}.Release|Any CPU.ActiveCfg = Release|Any CPU
		{561F3713-E89B-9CA5-599B-192ED3E2B2DA}.Release|Any CPU.Build.0 = Release|Any CPU
		{806FF3AE-8C15-9749-E169-9910C31E3130}.Debug|Any CPU.ActiveCfg = Debug|Any CPU
		{806FF3AE-8C15-9749-E169-9910C31E3130}.Debug|Any CPU.Build.0 = Debug|Any CPU
		{806FF3AE-8C15-9749-E169-9910C31E3130}.Release|Any CPU.ActiveCfg = Release|Any CPU
		{806FF3AE-8C15-9749-E169-9910C31E3130}.Release|Any CPU.Build.0 = Release|Any CPU
	EndGlobalSection
	GlobalSection(SolutionProperties) = preSolution
		HideSolutionNode = FALSE
	EndGlobalSection
																																																																																								GlobalSection(MonoDevelopProperties) = preSolution
=======
																																																																																						GlobalSection(MonoDevelopProperties) = preSolution
>>>>>>> 661c2bb85991f755dafe7cb5ef3678658bc0fd1b
=======
																																																																																									GlobalSection(MonoDevelopProperties) = preSolution
>>>>>>> 44b3fc0d169b2e6aeebc3f53585c2d56ba9ec733
=======
																																																																																							GlobalSection(MonoDevelopProperties) = preSolution
>>>>>>> e149da8e806db9bb262c2e19129d52fc2eac0608
=======
																																																																																	GlobalSection(MonoDevelopProperties) = preSolution
>>>>>>> 5a4319cf2a531104e71c736fc727f2854a221137
=======
																																																																																	GlobalSection(MonoDevelopProperties) = preSolution
>>>>>>> 5a4319cf2a531104e71c736fc727f2854a221137
		StartupItem = Assembly-CSharp.csproj
		Policies = $0
		$0.TextStylePolicy = $1
		$1.inheritsSet = null
		$1.scope = text/x-csharp
		$0.CSharpFormattingPolicy = $2
		$2.inheritsSet = Mono
		$2.inheritsScope = text/x-csharp
		$2.scope = text/x-csharp
		$0.TextStylePolicy = $3
		$3.FileWidth = 120
		$3.TabWidth = 4
		$3.EolMarker = Unix
		$3.inheritsSet = Mono
		$3.inheritsScope = text/plain
		$3.scope = text/plain
	EndGlobalSection
																																																									GlobalSection(MonoDevelopProperties) = preSolution
		StartupItem = Assembly-CSharp.csproj
		Policies = $0
		$0.TextStylePolicy = $1
		$1.inheritsSet = null
		$1.scope = text/x-csharp
		$0.CSharpFormattingPolicy = $2
		$2.inheritsSet = Mono
		$2.inheritsScope = text/x-csharp
		$2.scope = text/x-csharp
		$0.TextStylePolicy = $3
		$3.FileWidth = 120
		$3.TabWidth = 4
		$3.EolMarker = Unix
		$3.inheritsSet = Mono
		$3.inheritsScope = text/plain
		$3.scope = text/plain
	EndGlobalSection

EndGlobal
